DEPENDENCIES
  sensu-wrapper
    path: .
    metadata: true

GRAPH
  apt (2.4.0)
  build-essential (2.0.2)
  chef_handler (1.1.6)
  erlang (1.5.4)
    apt (>= 1.7.0)
    build-essential (>= 0.0.0)
    yum (~> 3.0)
    yum-epel (>= 0.0.0)
    yum-erlang_solutions (>= 0.0.0)
  rabbitmq (3.2.2)
    erlang (>= 0.9.0)
  redisio (1.7.1)
    ulimit (>= 0.1.2)
  sensu (1.0.0)
    apt (>= 0.0.0)
    rabbitmq (>= 2.0.0)
    redisio (>= 1.7.0)
    windows (>= 1.8.8)
    yum (>= 0.0.0)
  sensu-wrapper (0.1.0)
    sensu (>= 0.0.0)
  ulimit (0.3.2)
  windows (1.31.0)
    chef_handler (>= 0.0.0)
  yum (3.2.0)
  yum-epel (0.3.6)
    yum (~> 3.0)
  yum-erlang_solutions (0.2.0)
    yum (~> 3.0)
